
Microsoft Visual Studio Solution File, Format Version 12.00
# Visual Studio Version 17
VisualStudioVersion = 17.7.34009.444
MinimumVisualStudioVersion = 10.0.40219.1
Project("{FAE04EC0-301F-11D3-BF4B-00C04F79EFBC}") = "DotNuget", "DotNuget\DotNuget.csproj", "{065255EA-2197-411B-8BC7-5DDFCCDBBE39}"
EndProject
Global
	GlobalSection(SolutionConfigurationPlatforms) = preSolution
		Debug|Any CPU = Debug|Any CPU
		Release|Any CPU = Release|Any CPU
	EndGlobalSection
	GlobalSection(ProjectConfigurationPlatforms) = postSolution
		{065255EA-2197-411B-8BC7-5DDFCCDBBE39}.Debug|Any CPU.ActiveCfg = Debug|Any CPU
		{065255EA-2197-411B-8BC7-5DDFCCDBBE39}.Debug|Any CPU.Build.0 = Debug|Any CPU
		{065255EA-2197-411B-8BC7-5DDFCCDBBE39}.Release|Any CPU.ActiveCfg = Release|Any CPU
		{065255EA-2197-411B-8BC7-5DDFCCDBBE39}.Release|Any CPU.Build.0 = Release|Any CPU
	EndGlobalSection
	GlobalSection(SolutionProperties) = preSolution
		HideSolutionNode = FALSE
	EndGlobalSection
	GlobalSection(ExtensibilityGlobals) = postSolution
		SolutionGuid = {C4460FF0-71F7-4E69-A6A3-BB632C71AB22}
	EndGlobalSection
EndGlobal
